
Microsoft Visual Studio Solution File, Format Version 12.00
# Visual Studio 2013
VisualStudioVersion = 12.0.30110.0
MinimumVisualStudioVersion = 10.0.40219.1
Project("{FAE04EC0-301F-11D3-BF4B-00C04F79EFBC}") = "InterfaceScan", "test-src\InterfaceScan\InterfaceScan.csproj", "{B17F6BC6-ECBD-48AA-AA56-6E6D509234EF}"
EndProject
Project("{FAE04EC0-301F-11D3-BF4B-00C04F79EFBC}") = "Model", "src\Model\Model.csproj", "{31069D8C-1779-460E-AA06-5CD126AEDE9F}"
EndProject
Project("{2150E333-8FDC-42A3-9474-1A3956D46DE8}") = "Tests", "Tests", "{12E5DDED-B6A9-43A1-9DB1-DFFACA996382}"
EndProject
Project("{FAE04EC0-301F-11D3-BF4B-00C04F79EFBC}") = "UnitTests", "test-src\UnitTests\UnitTests.csproj", "{3BE793CD-BFE2-42D9-9F12-4B6C8CAC827D}"
EndProject
Project("{FAE04EC0-301F-11D3-BF4B-00C04F79EFBC}") = "NeuronNet", "src\NeuronNet\NeuronNet.csproj", "{75C4A7F7-93B2-4474-9049-5B796327DA48}"
EndProject
Project("{FAE04EC0-301F-11D3-BF4B-00C04F79EFBC}") = "RGBMeshGUI", "test-src\RGBMeshGUI\RGBMeshGUI.csproj", "{7551C286-707C-4E5B-A0F0-C0712D878393}"
EndProject
Project("{FAE04EC0-301F-11D3-BF4B-00C04F79EFBC}") = "KohonenTestbench", "src\KohonenTestbench\KohonenTestbench.csproj", "{C0430320-36F6-47F7-A88D-E3B73972FB86}"
	ProjectSection(ProjectDependencies) = postProject
		{75C4A7F7-93B2-4474-9049-5B796327DA48} = {75C4A7F7-93B2-4474-9049-5B796327DA48}
	EndProjectSection
EndProject
Global
	GlobalSection(SolutionConfigurationPlatforms) = preSolution
		Debug|Any CPU = Debug|Any CPU
		Release|Any CPU = Release|Any CPU
	EndGlobalSection
	GlobalSection(ProjectConfigurationPlatforms) = postSolution
		{B17F6BC6-ECBD-48AA-AA56-6E6D509234EF}.Debug|Any CPU.ActiveCfg = Debug|Any CPU
		{B17F6BC6-ECBD-48AA-AA56-6E6D509234EF}.Debug|Any CPU.Build.0 = Debug|Any CPU
		{B17F6BC6-ECBD-48AA-AA56-6E6D509234EF}.Release|Any CPU.ActiveCfg = Release|Any CPU
		{B17F6BC6-ECBD-48AA-AA56-6E6D509234EF}.Release|Any CPU.Build.0 = Release|Any CPU
		{31069D8C-1779-460E-AA06-5CD126AEDE9F}.Debug|Any CPU.ActiveCfg = Debug|Any CPU
		{31069D8C-1779-460E-AA06-5CD126AEDE9F}.Debug|Any CPU.Build.0 = Debug|Any CPU
		{31069D8C-1779-460E-AA06-5CD126AEDE9F}.Release|Any CPU.ActiveCfg = Release|Any CPU
		{31069D8C-1779-460E-AA06-5CD126AEDE9F}.Release|Any CPU.Build.0 = Release|Any CPU
		{3BE793CD-BFE2-42D9-9F12-4B6C8CAC827D}.Debug|Any CPU.ActiveCfg = Debug|Any CPU
		{3BE793CD-BFE2-42D9-9F12-4B6C8CAC827D}.Debug|Any CPU.Build.0 = Debug|Any CPU
		{3BE793CD-BFE2-42D9-9F12-4B6C8CAC827D}.Release|Any CPU.ActiveCfg = Release|Any CPU
		{3BE793CD-BFE2-42D9-9F12-4B6C8CAC827D}.Release|Any CPU.Build.0 = Release|Any CPU
		{75C4A7F7-93B2-4474-9049-5B796327DA48}.Debug|Any CPU.ActiveCfg = Debug|Any CPU
		{75C4A7F7-93B2-4474-9049-5B796327DA48}.Debug|Any CPU.Build.0 = Debug|Any CPU
		{75C4A7F7-93B2-4474-9049-5B796327DA48}.Release|Any CPU.ActiveCfg = Release|Any CPU
		{75C4A7F7-93B2-4474-9049-5B796327DA48}.Release|Any CPU.Build.0 = Release|Any CPU
		{7551C286-707C-4E5B-A0F0-C0712D878393}.Debug|Any CPU.ActiveCfg = Debug|Any CPU
		{7551C286-707C-4E5B-A0F0-C0712D878393}.Debug|Any CPU.Build.0 = Debug|Any CPU
		{7551C286-707C-4E5B-A0F0-C0712D878393}.Release|Any CPU.ActiveCfg = Release|Any CPU
		{7551C286-707C-4E5B-A0F0-C0712D878393}.Release|Any CPU.Build.0 = Release|Any CPU
		{C0430320-36F6-47F7-A88D-E3B73972FB86}.Debug|Any CPU.ActiveCfg = Debug|Any CPU
		{C0430320-36F6-47F7-A88D-E3B73972FB86}.Debug|Any CPU.Build.0 = Debug|Any CPU
		{C0430320-36F6-47F7-A88D-E3B73972FB86}.Release|Any CPU.ActiveCfg = Release|Any CPU
		{C0430320-36F6-47F7-A88D-E3B73972FB86}.Release|Any CPU.Build.0 = Release|Any CPU
	EndGlobalSection
	GlobalSection(SolutionProperties) = preSolution
		HideSolutionNode = FALSE
	EndGlobalSection
	GlobalSection(NestedProjects) = preSolution
		{B17F6BC6-ECBD-48AA-AA56-6E6D509234EF} = {12E5DDED-B6A9-43A1-9DB1-DFFACA996382}
		{3BE793CD-BFE2-42D9-9F12-4B6C8CAC827D} = {12E5DDED-B6A9-43A1-9DB1-DFFACA996382}
		{7551C286-707C-4E5B-A0F0-C0712D878393} = {12E5DDED-B6A9-43A1-9DB1-DFFACA996382}
	EndGlobalSection
EndGlobal
